
Microsoft Visual Studio Solution File, Format Version 12.00
# Visual Studio Version 17
VisualStudioVersion = 17.7.34202.233
MinimumVisualStudioVersion = 10.0.40219.1
Project("{FAE04EC0-301F-11D3-BF4B-00C04F79EFBC}") = "Car Charging Interface", "Car Charging Interface\Car Charging Interface.csproj", "{0E6F0DD3-4707-48DB-A3A0-68DE21BEEBE8}"
EndProject
Project("{9A19103F-16F7-4668-BE54-9A1E7A4F7556}") = "Custom Methods", "..\Task 2\Custom Methods\Custom Methods.csproj", "{B31ADF33-7EE9-4ED6-AC60-2BF16FB3D632}"
EndProject
Project("{9A19103F-16F7-4668-BE54-9A1E7A4F7556}") = "Electric Car Inheritance", "..\Task 3\Electric Car Inheritance\Electric Car Inheritance.csproj", "{62885A07-4A1F-4D71-9731-3C933DD2411E}"
EndProject
Global
	GlobalSection(SolutionConfigurationPlatforms) = preSolution
		Debug|Any CPU = Debug|Any CPU
		Release|Any CPU = Release|Any CPU
	EndGlobalSection
	GlobalSection(ProjectConfigurationPlatforms) = postSolution
		{0E6F0DD3-4707-48DB-A3A0-68DE21BEEBE8}.Debug|Any CPU.ActiveCfg = Debug|Any CPU
		{0E6F0DD3-4707-48DB-A3A0-68DE21BEEBE8}.Debug|Any CPU.Build.0 = Debug|Any CPU
		{0E6F0DD3-4707-48DB-A3A0-68DE21BEEBE8}.Release|Any CPU.ActiveCfg = Release|Any CPU
		{0E6F0DD3-4707-48DB-A3A0-68DE21BEEBE8}.Release|Any CPU.Build.0 = Release|Any CPU
		{B31ADF33-7EE9-4ED6-AC60-2BF16FB3D632}.Debug|Any CPU.ActiveCfg = Debug|Any CPU
		{B31ADF33-7EE9-4ED6-AC60-2BF16FB3D632}.Debug|Any CPU.Build.0 = Debug|Any CPU
		{B31ADF33-7EE9-4ED6-AC60-2BF16FB3D632}.Release|Any CPU.ActiveCfg = Release|Any CPU
		{B31ADF33-7EE9-4ED6-AC60-2BF16FB3D632}.Release|Any CPU.Build.0 = Release|Any CPU
		{62885A07-4A1F-4D71-9731-3C933DD2411E}.Debug|Any CPU.ActiveCfg = Debug|Any CPU
		{62885A07-4A1F-4D71-9731-3C933DD2411E}.Debug|Any CPU.Build.0 = Debug|Any CPU
		{62885A07-4A1F-4D71-9731-3C933DD2411E}.Release|Any CPU.ActiveCfg = Release|Any CPU
		{62885A07-4A1F-4D71-9731-3C933DD2411E}.Release|Any CPU.Build.0 = Release|Any CPU
	EndGlobalSection
	GlobalSection(SolutionProperties) = preSolution
		HideSolutionNode = FALSE
	EndGlobalSection
	GlobalSection(ExtensibilityGlobals) = postSolution
		SolutionGuid = {EE311A54-994E-436C-9BBB-BF6FF2A67D17}
	EndGlobalSection
EndGlobal
