
Microsoft Visual Studio Solution File, Format Version 12.00
# Visual Studio Version 17
VisualStudioVersion = 17.7.34202.233
MinimumVisualStudioVersion = 10.0.40219.1
Project("{FAE04EC0-301F-11D3-BF4B-00C04F79EFBC}") = "Positive Negative Zero", "Positive Negative Zero\Positive Negative Zero.csproj", "{B405953D-8D4A-401B-B45D-21D8371238FF}"
EndProject
Global
	GlobalSection(SolutionConfigurationPlatforms) = preSolution
		Debug|Any CPU = Debug|Any CPU
		Release|Any CPU = Release|Any CPU
	EndGlobalSection
	GlobalSection(ProjectConfigurationPlatforms) = postSolution
		{B405953D-8D4A-401B-B45D-21D8371238FF}.Debug|Any CPU.ActiveCfg = Debug|Any CPU
		{B405953D-8D4A-401B-B45D-21D8371238FF}.Debug|Any CPU.Build.0 = Debug|Any CPU
		{B405953D-8D4A-401B-B45D-21D8371238FF}.Release|Any CPU.ActiveCfg = Release|Any CPU
		{B405953D-8D4A-401B-B45D-21D8371238FF}.Release|Any CPU.Build.0 = Release|Any CPU
	EndGlobalSection
	GlobalSection(SolutionProperties) = preSolution
		HideSolutionNode = FALSE
	EndGlobalSection
	GlobalSection(ExtensibilityGlobals) = postSolution
		SolutionGuid = {C4D86892-4B71-483D-A771-2FB16BF103A9}
	EndGlobalSection
EndGlobal
