
Microsoft Visual Studio Solution File, Format Version 12.00
# Visual Studio Version 17
VisualStudioVersion = 17.7.34202.233
MinimumVisualStudioVersion = 10.0.40219.1
Project("{FAE04EC0-301F-11D3-BF4B-00C04F79EFBC}") = "Hello World", "Hello World.csproj", "{87F6D3F1-CDD3-4BCC-84C1-DF0D06C1F536}"
EndProject
Global
	GlobalSection(SolutionConfigurationPlatforms) = preSolution
		Debug|Any CPU = Debug|Any CPU
		Release|Any CPU = Release|Any CPU
	EndGlobalSection
	GlobalSection(ProjectConfigurationPlatforms) = postSolution
		{87F6D3F1-CDD3-4BCC-84C1-DF0D06C1F536}.Debug|Any CPU.ActiveCfg = Debug|Any CPU
		{87F6D3F1-CDD3-4BCC-84C1-DF0D06C1F536}.Debug|Any CPU.Build.0 = Debug|Any CPU
		{87F6D3F1-CDD3-4BCC-84C1-DF0D06C1F536}.Release|Any CPU.ActiveCfg = Release|Any CPU
		{87F6D3F1-CDD3-4BCC-84C1-DF0D06C1F536}.Release|Any CPU.Build.0 = Release|Any CPU
	EndGlobalSection
	GlobalSection(SolutionProperties) = preSolution
		HideSolutionNode = FALSE
	EndGlobalSection
	GlobalSection(ExtensibilityGlobals) = postSolution
		SolutionGuid = {E6BD148F-AC03-4E3C-8CE9-BFA5975E9B3B}
	EndGlobalSection
EndGlobal
