
Microsoft Visual Studio Solution File, Format Version 12.00
# Visual Studio Version 17
VisualStudioVersion = 17.7.34202.233
MinimumVisualStudioVersion = 10.0.40219.1
Project("{FAE04EC0-301F-11D3-BF4B-00C04F79EFBC}") = "Encapsulated Car", "Encapsulated Car\Encapsulated Car.csproj", "{E5CBC8A8-77DF-46F5-9C96-976486A4ECBE}"
EndProject
Global
	GlobalSection(SolutionConfigurationPlatforms) = preSolution
		Debug|Any CPU = Debug|Any CPU
		Release|Any CPU = Release|Any CPU
	EndGlobalSection
	GlobalSection(ProjectConfigurationPlatforms) = postSolution
		{E5CBC8A8-77DF-46F5-9C96-976486A4ECBE}.Debug|Any CPU.ActiveCfg = Debug|Any CPU
		{E5CBC8A8-77DF-46F5-9C96-976486A4ECBE}.Debug|Any CPU.Build.0 = Debug|Any CPU
		{E5CBC8A8-77DF-46F5-9C96-976486A4ECBE}.Release|Any CPU.ActiveCfg = Release|Any CPU
		{E5CBC8A8-77DF-46F5-9C96-976486A4ECBE}.Release|Any CPU.Build.0 = Release|Any CPU
	EndGlobalSection
	GlobalSection(SolutionProperties) = preSolution
		HideSolutionNode = FALSE
	EndGlobalSection
	GlobalSection(ExtensibilityGlobals) = postSolution
		SolutionGuid = {06BD93CE-2C83-4D9F-AE5D-03D883413E95}
	EndGlobalSection
EndGlobal
